
Microsoft Visual Studio Solution File, Format Version 12.00
# Visual Studio 14
VisualStudioVersion = 14.0.25420.1
MinimumVisualStudioVersion = 10.0.40219.1
Project("{FAE04EC0-301F-11D3-BF4B-00C04F79EFBC}") = "angular-starter", "angular-starter\angular-starter.csproj", "{D7AD49B9-05D4-4AE8-B240-8CE9DB561AA0}"
EndProject
Project("{FAE04EC0-301F-11D3-BF4B-00C04F79EFBC}") = "BL", "WindowsFormsApplication1\WindowsFormsApplication1\BL.csproj", "{14958585-CF7A-4272-9035-1D57A0EB2EDD}"
EndProject
Global
	GlobalSection(SolutionConfigurationPlatforms) = preSolution
		Debug|Any CPU = Debug|Any CPU
		Release|Any CPU = Release|Any CPU
	EndGlobalSection
	GlobalSection(ProjectConfigurationPlatforms) = postSolution
		{D7AD49B9-05D4-4AE8-B240-8CE9DB561AA0}.Debug|Any CPU.ActiveCfg = Debug|Any CPU
		{D7AD49B9-05D4-4AE8-B240-8CE9DB561AA0}.Debug|Any CPU.Build.0 = Debug|Any CPU
		{D7AD49B9-05D4-4AE8-B240-8CE9DB561AA0}.Release|Any CPU.ActiveCfg = Release|Any CPU
		{D7AD49B9-05D4-4AE8-B240-8CE9DB561AA0}.Release|Any CPU.Build.0 = Release|Any CPU
		{14958585-CF7A-4272-9035-1D57A0EB2EDD}.Debug|Any CPU.ActiveCfg = Debug|Any CPU
		{14958585-CF7A-4272-9035-1D57A0EB2EDD}.Debug|Any CPU.Build.0 = Debug|Any CPU
		{14958585-CF7A-4272-9035-1D57A0EB2EDD}.Release|Any CPU.ActiveCfg = Release|Any CPU
		{14958585-CF7A-4272-9035-1D57A0EB2EDD}.Release|Any CPU.Build.0 = Release|Any CPU
	EndGlobalSection
	GlobalSection(SolutionProperties) = preSolution
		HideSolutionNode = FALSE
	EndGlobalSection
EndGlobal
